// !$*UTF8*$!
{
	archiveVersion = 1;
	classes = {
	};
	objectVersion = 50;
	objects = {

/* Begin PBXBuildFile section */
		3D1F1035258D4D7C007C4E38 /* AppDelegate.swift in Sources */ = {isa = PBXBuildFile; fileRef = 3D1F1034258D4D7C007C4E38 /* AppDelegate.swift */; };
		3D1F1037258D4D7C007C4E38 /* SceneDelegate.swift in Sources */ = {isa = PBXBuildFile; fileRef = 3D1F1036258D4D7C007C4E38 /* SceneDelegate.swift */; };
		3D1F103E258D4D7D007C4E38 /* Assets.xcassets in Resources */ = {isa = PBXBuildFile; fileRef = 3D1F103D258D4D7D007C4E38 /* Assets.xcassets */; };
		3D1F1041258D4D7D007C4E38 /* LaunchScreen.storyboard in Resources */ = {isa = PBXBuildFile; fileRef = 3D1F103F258D4D7D007C4E38 /* LaunchScreen.storyboard */; };
		3D2400982769550F00DF8F87 /* CoreWrapperC.c in Sources */ = {isa = PBXBuildFile; fileRef = 3D2400972769550F00DF8F87 /* CoreWrapperC.c */; };
		3D24009A2769586A00DF8F87 /* CoreWrapperSwift.swift in Sources */ = {isa = PBXBuildFile; fileRef = 3D2400992769586A00DF8F87 /* CoreWrapperSwift.swift */; };
		3D423CD4277B15FD00C8E4C1 /* buffer.c in Sources */ = {isa = PBXBuildFile; fileRef = 3D423CC2277B15FD00C8E4C1 /* buffer.c */; };
		3D423CD5277B15FD00C8E4C1 /* decode.c in Sources */ = {isa = PBXBuildFile; fileRef = 3D423CC4277B15FD00C8E4C1 /* decode.c */; };
		3D423CD6277B15FD00C8E4C1 /* encode.c in Sources */ = {isa = PBXBuildFile; fileRef = 3D423CC5277B15FD00C8E4C1 /* encode.c */; };
		3D423CD8277B15FD00C8E4C1 /* TcpParser.c in Sources */ = {isa = PBXBuildFile; fileRef = 3D423CC8277B15FD00C8E4C1 /* TcpParser.c */; };
		3D423CD9277B15FD00C8E4C1 /* TcpClient.c in Sources */ = {isa = PBXBuildFile; fileRef = 3D423CC9277B15FD00C8E4C1 /* TcpClient.c */; };
		3D423CDA277B15FD00C8E4C1 /* TlsClient.c in Sources */ = {isa = PBXBuildFile; fileRef = 3D423CCC277B15FD00C8E4C1 /* TlsClient.c */; };
		3D423CDC277B15FD00C8E4C1 /* cJSON.c in Sources */ = {isa = PBXBuildFile; fileRef = 3D423CCF277B15FD00C8E4C1 /* cJSON.c */; };
		3D423CDD277B15FD00C8E4C1 /* FileManager.c in Sources */ = {isa = PBXBuildFile; fileRef = 3D423CD2277B15FD00C8E4C1 /* FileManager.c */; };
		3D423CDE277B15FD00C8E4C1 /* cJSON_Utils.c in Sources */ = {isa = PBXBuildFile; fileRef = 3D423CD3277B15FD00C8E4C1 /* cJSON_Utils.c */; };
		3D93B67E274AAF9A007364E8 /* CommandManager.swift in Sources */ = {isa = PBXBuildFile; fileRef = 3D93B67D274AAF9A007364E8 /* CommandManager.swift */; };
		E740A7AC277AF86100A83025 /* CloudOnMobileTests.swift in Sources */ = {isa = PBXBuildFile; fileRef = E740A7AB277AF86100A83025 /* CloudOnMobileTests.swift */; };
		E740A7BA277AF87500A83025 /* CloudOnMobileUITests.swift in Sources */ = {isa = PBXBuildFile; fileRef = E740A7B9277AF87500A83025 /* CloudOnMobileUITests.swift */; };
		E740A7BC277AF87500A83025 /* CloudOnMobileUITestsLaunchTests.swift in Sources */ = {isa = PBXBuildFile; fileRef = E740A7BB277AF87500A83025 /* CloudOnMobileUITestsLaunchTests.swift */; };
		E740A7C4277AF9A600A83025 /* AppSchemeProperties.swift in Sources */ = {isa = PBXBuildFile; fileRef = E740A7C3277AF9A600A83025 /* AppSchemeProperties.swift */; };
		E747BEB72770FABE0046D036 /* MainViewController.swift in Sources */ = {isa = PBXBuildFile; fileRef = E747BEB62770FABE0046D036 /* MainViewController.swift */; };
		E747BEB92770FAC80046D036 /* MainPresenter.swift in Sources */ = {isa = PBXBuildFile; fileRef = E747BEB82770FAC80046D036 /* MainPresenter.swift */; };
		E747BEBC27710C7E0046D036 /* FlowController.swift in Sources */ = {isa = PBXBuildFile; fileRef = E747BEBB27710C7E0046D036 /* FlowController.swift */; };
		E747BEBE27710C9F0046D036 /* FlowControllerPresentation.swift in Sources */ = {isa = PBXBuildFile; fileRef = E747BEBD27710C9F0046D036 /* FlowControllerPresentation.swift */; };
		E747BEC127710CC20046D036 /* MainFlowController.swift in Sources */ = {isa = PBXBuildFile; fileRef = E747BEC027710CC20046D036 /* MainFlowController.swift */; };
		E747BEC427710D0D0046D036 /* MainDependencyContainer.swift in Sources */ = {isa = PBXBuildFile; fileRef = E747BEC327710D0D0046D036 /* MainDependencyContainer.swift */; };
		E747BEC8277111520046D036 /* Poppins-Regular.ttf in Resources */ = {isa = PBXBuildFile; fileRef = E747BEC6277110100046D036 /* Poppins-Regular.ttf */; };
		E747BECB277117C20046D036 /* UIStackView+Extensions.swift in Sources */ = {isa = PBXBuildFile; fileRef = E747BECA277117C20046D036 /* UIStackView+Extensions.swift */; };
		E747BECD277117F70046D036 /* UILabel+Extensions.swift in Sources */ = {isa = PBXBuildFile; fileRef = E747BECC277117F70046D036 /* UILabel+Extensions.swift */; };
		E747BED02771C5F00046D036 /* SheetPresentationController.swift in Sources */ = {isa = PBXBuildFile; fileRef = E747BECF2771C5F00046D036 /* SheetPresentationController.swift */; };
		E747BED22771C6650046D036 /* SheetPresentationBehaviourController.swift in Sources */ = {isa = PBXBuildFile; fileRef = E747BED12771C6650046D036 /* SheetPresentationBehaviourController.swift */; };
		E747BED42771C6E10046D036 /* SheetPresentationContainerView.swift in Sources */ = {isa = PBXBuildFile; fileRef = E747BED32771C6E10046D036 /* SheetPresentationContainerView.swift */; };
		E75E2F662773059000843855 /* FilesViewController.swift in Sources */ = {isa = PBXBuildFile; fileRef = E75E2F652773059000843855 /* FilesViewController.swift */; };
		E75E2F682773093000843855 /* FilesPresenter.swift in Sources */ = {isa = PBXBuildFile; fileRef = E75E2F672773093000843855 /* FilesPresenter.swift */; };
		E75E2F6B2778654300843855 /* IconTitleSubtitleView.swift in Sources */ = {isa = PBXBuildFile; fileRef = E75E2F6A2778654300843855 /* IconTitleSubtitleView.swift */; };
		E75E2F6D2778658900843855 /* BaseTableViewCell.swift in Sources */ = {isa = PBXBuildFile; fileRef = E75E2F6C2778658900843855 /* BaseTableViewCell.swift */; };
		E75E2F6F277865BD00843855 /* Fillable.swift in Sources */ = {isa = PBXBuildFile; fileRef = E75E2F6E277865BD00843855 /* Fillable.swift */; };
		E75E2F71277865E000843855 /* ReusableView.swift in Sources */ = {isa = PBXBuildFile; fileRef = E75E2F70277865E000843855 /* ReusableView.swift */; };
		E75E2F732778684600843855 /* UITableView+Extensions.swift in Sources */ = {isa = PBXBuildFile; fileRef = E75E2F722778684600843855 /* UITableView+Extensions.swift */; };
		E75E2F752778685E00843855 /* NSObject+Extensions.swift in Sources */ = {isa = PBXBuildFile; fileRef = E75E2F742778685E00843855 /* NSObject+Extensions.swift */; };
		E75E2F78277875F700843855 /* File.swift in Sources */ = {isa = PBXBuildFile; fileRef = E75E2F77277875F700843855 /* File.swift */; };
		E75E2F7B2778761500843855 /* FileType.swift in Sources */ = {isa = PBXBuildFile; fileRef = E75E2F7A2778761500843855 /* FileType.swift */; };
		E75E2F7D2778769D00843855 /* Size.swift in Sources */ = {isa = PBXBuildFile; fileRef = E75E2F7C2778769D00843855 /* Size.swift */; };
		E75E2F7F2778785C00843855 /* FilesDownloader.swift in Sources */ = {isa = PBXBuildFile; fileRef = E75E2F7E2778785C00843855 /* FilesDownloader.swift */; };
		E785FEF3276A56390008A720 /* UIView+Extensions.swift in Sources */ = {isa = PBXBuildFile; fileRef = E785FEEC276A56390008A720 /* UIView+Extensions.swift */; };
		E785FEF4276A56390008A720 /* Functions.swift in Sources */ = {isa = PBXBuildFile; fileRef = E785FEED276A56390008A720 /* Functions.swift */; };
		E785FEF5276A56390008A720 /* BaseViewController.swift in Sources */ = {isa = PBXBuildFile; fileRef = E785FEEF276A56390008A720 /* BaseViewController.swift */; };
		E785FEF6276A56390008A720 /* Presenter.swift in Sources */ = {isa = PBXBuildFile; fileRef = E785FEF0276A56390008A720 /* Presenter.swift */; };
		E785FEF7276A56390008A720 /* UIView+AutoLayout.swift in Sources */ = {isa = PBXBuildFile; fileRef = E785FEF1276A56390008A720 /* UIView+AutoLayout.swift */; };
		E785FEF8276A56390008A720 /* AutoKeyboard.swift in Sources */ = {isa = PBXBuildFile; fileRef = E785FEF2276A56390008A720 /* AutoKeyboard.swift */; };
		E785FF01276A57440008A720 /* AppColor.swift in Sources */ = {isa = PBXBuildFile; fileRef = E785FEFB276A57440008A720 /* AppColor.swift */; };
		E785FF02276A57440008A720 /* ColorStyle.swift in Sources */ = {isa = PBXBuildFile; fileRef = E785FEFC276A57440008A720 /* ColorStyle.swift */; };
		E785FF03276A57440008A720 /* FontStyle.swift in Sources */ = {isa = PBXBuildFile; fileRef = E785FEFE276A57440008A720 /* FontStyle.swift */; };
		E785FF04276A57440008A720 /* AppFont.swift in Sources */ = {isa = PBXBuildFile; fileRef = E785FEFF276A57440008A720 /* AppFont.swift */; };
		E785FF05276A57440008A720 /* AppStyle.swift in Sources */ = {isa = PBXBuildFile; fileRef = E785FF00276A57440008A720 /* AppStyle.swift */; };
		E785FF09276A5DD70008A720 /* BaseView.swift in Sources */ = {isa = PBXBuildFile; fileRef = E785FF08276A5DD70008A720 /* BaseView.swift */; };
/* End PBXBuildFile section */

/* Begin PBXContainerItemProxy section */
		E740A7AD277AF86100A83025 /* PBXContainerItemProxy */ = {
			isa = PBXContainerItemProxy;
			containerPortal = 3D1F1029258D4D7C007C4E38 /* Project object */;
			proxyType = 1;
			remoteGlobalIDString = 3D1F1030258D4D7C007C4E38;
			remoteInfo = CloudOnMobile;
		};
		E740A7BD277AF87500A83025 /* PBXContainerItemProxy */ = {
			isa = PBXContainerItemProxy;
			containerPortal = 3D1F1029258D4D7C007C4E38 /* Project object */;
			proxyType = 1;
			remoteGlobalIDString = 3D1F1030258D4D7C007C4E38;
			remoteInfo = CloudOnMobile;
		};
/* End PBXContainerItemProxy section */

/* Begin PBXFileReference section */
		3D1F1031258D4D7C007C4E38 /* CloudOnMobile Dev.app */ = {isa = PBXFileReference; explicitFileType = wrapper.application; includeInIndex = 0; path = "CloudOnMobile Dev.app"; sourceTree = BUILT_PRODUCTS_DIR; };
		3D1F1034258D4D7C007C4E38 /* AppDelegate.swift */ = {isa = PBXFileReference; lastKnownFileType = sourcecode.swift; path = AppDelegate.swift; sourceTree = "<group>"; };
		3D1F1036258D4D7C007C4E38 /* SceneDelegate.swift */ = {isa = PBXFileReference; lastKnownFileType = sourcecode.swift; path = SceneDelegate.swift; sourceTree = "<group>"; };
		3D1F103D258D4D7D007C4E38 /* Assets.xcassets */ = {isa = PBXFileReference; lastKnownFileType = folder.assetcatalog; path = Assets.xcassets; sourceTree = "<group>"; };
		3D1F1040258D4D7D007C4E38 /* Base */ = {isa = PBXFileReference; lastKnownFileType = file.storyboard; name = Base; path = Base.lproj/LaunchScreen.storyboard; sourceTree = "<group>"; };
		3D1F1042258D4D7D007C4E38 /* Info.plist */ = {isa = PBXFileReference; lastKnownFileType = text.plist.xml; path = Info.plist; sourceTree = "<group>"; };
		3D1F104C258D4F04007C4E38 /* CloudOnMobile-Bridging-Header.h */ = {isa = PBXFileReference; lastKnownFileType = sourcecode.c.h; path = "CloudOnMobile-Bridging-Header.h"; sourceTree = "<group>"; };
		3D2400962769550F00DF8F87 /* CoreWrapperC.h */ = {isa = PBXFileReference; lastKnownFileType = sourcecode.c.h; path = CoreWrapperC.h; sourceTree = "<group>"; };
		3D2400972769550F00DF8F87 /* CoreWrapperC.c */ = {isa = PBXFileReference; lastKnownFileType = sourcecode.c.c; path = CoreWrapperC.c; sourceTree = "<group>"; };
		3D2400992769586A00DF8F87 /* CoreWrapperSwift.swift */ = {isa = PBXFileReference; lastKnownFileType = sourcecode.swift; path = CoreWrapperSwift.swift; sourceTree = "<group>"; };
		3D423CBF277B15FD00C8E4C1 /* cJSON.h */ = {isa = PBXFileReference; fileEncoding = 4; lastKnownFileType = sourcecode.c.h; path = cJSON.h; sourceTree = "<group>"; };
		3D423CC0277B15FD00C8E4C1 /* cJSON_Utils.h */ = {isa = PBXFileReference; fileEncoding = 4; lastKnownFileType = sourcecode.c.h; path = cJSON_Utils.h; sourceTree = "<group>"; };
		3D423CC2277B15FD00C8E4C1 /* buffer.c */ = {isa = PBXFileReference; fileEncoding = 4; lastKnownFileType = sourcecode.c.c; path = buffer.c; sourceTree = "<group>"; };
		3D423CC3277B15FD00C8E4C1 /* b64.h */ = {isa = PBXFileReference; fileEncoding = 4; lastKnownFileType = sourcecode.c.h; path = b64.h; sourceTree = "<group>"; };
		3D423CC4277B15FD00C8E4C1 /* decode.c */ = {isa = PBXFileReference; fileEncoding = 4; lastKnownFileType = sourcecode.c.c; path = decode.c; sourceTree = "<group>"; };
		3D423CC5277B15FD00C8E4C1 /* encode.c */ = {isa = PBXFileReference; fileEncoding = 4; lastKnownFileType = sourcecode.c.c; path = encode.c; sourceTree = "<group>"; };
		3D423CC8277B15FD00C8E4C1 /* TcpParser.c */ = {isa = PBXFileReference; fileEncoding = 4; lastKnownFileType = sourcecode.c.c; path = TcpParser.c; sourceTree = "<group>"; };
		3D423CC9277B15FD00C8E4C1 /* TcpClient.c */ = {isa = PBXFileReference; fileEncoding = 4; lastKnownFileType = sourcecode.c.c; path = TcpClient.c; sourceTree = "<group>"; };
		3D423CCA277B15FD00C8E4C1 /* TlsClient.h */ = {isa = PBXFileReference; fileEncoding = 4; lastKnownFileType = sourcecode.c.h; path = TlsClient.h; sourceTree = "<group>"; };
		3D423CCB277B15FD00C8E4C1 /* TcpParser.h */ = {isa = PBXFileReference; fileEncoding = 4; lastKnownFileType = sourcecode.c.h; path = TcpParser.h; sourceTree = "<group>"; };
		3D423CCC277B15FD00C8E4C1 /* TlsClient.c */ = {isa = PBXFileReference; fileEncoding = 4; lastKnownFileType = sourcecode.c.c; path = TlsClient.c; sourceTree = "<group>"; };
		3D423CCD277B15FD00C8E4C1 /* TcpClient.h */ = {isa = PBXFileReference; fileEncoding = 4; lastKnownFileType = sourcecode.c.h; path = TcpClient.h; sourceTree = "<group>"; };
		3D423CCF277B15FD00C8E4C1 /* cJSON.c */ = {isa = PBXFileReference; fileEncoding = 4; lastKnownFileType = sourcecode.c.c; path = cJSON.c; sourceTree = "<group>"; };
		3D423CD1277B15FD00C8E4C1 /* FileManager.h */ = {isa = PBXFileReference; fileEncoding = 4; lastKnownFileType = sourcecode.c.h; path = FileManager.h; sourceTree = "<group>"; };
		3D423CD2277B15FD00C8E4C1 /* FileManager.c */ = {isa = PBXFileReference; fileEncoding = 4; lastKnownFileType = sourcecode.c.c; path = FileManager.c; sourceTree = "<group>"; };
		3D423CD3277B15FD00C8E4C1 /* cJSON_Utils.c */ = {isa = PBXFileReference; fileEncoding = 4; lastKnownFileType = sourcecode.c.c; path = cJSON_Utils.c; sourceTree = "<group>"; };
		3D93B67D274AAF9A007364E8 /* CommandManager.swift */ = {isa = PBXFileReference; lastKnownFileType = sourcecode.swift; path = CommandManager.swift; sourceTree = "<group>"; };
		E740A7A0277AF77900A83025 /* Development.xcconfig */ = {isa = PBXFileReference; lastKnownFileType = text.xcconfig; path = Development.xcconfig; sourceTree = "<group>"; };
		E740A7A1277AF7A100A83025 /* Staging.xcconfig */ = {isa = PBXFileReference; lastKnownFileType = text.xcconfig; path = Staging.xcconfig; sourceTree = "<group>"; };
		E740A7A2277AF7B900A83025 /* Production.xcconfig */ = {isa = PBXFileReference; lastKnownFileType = text.xcconfig; path = Production.xcconfig; sourceTree = "<group>"; };
		E740A7A9277AF86100A83025 /* CloudOnMobileTests.xctest */ = {isa = PBXFileReference; explicitFileType = wrapper.cfbundle; includeInIndex = 0; path = CloudOnMobileTests.xctest; sourceTree = BUILT_PRODUCTS_DIR; };
		E740A7AB277AF86100A83025 /* CloudOnMobileTests.swift */ = {isa = PBXFileReference; lastKnownFileType = sourcecode.swift; path = CloudOnMobileTests.swift; sourceTree = "<group>"; };
		E740A7B7277AF87500A83025 /* CloudOnMobileUITests.xctest */ = {isa = PBXFileReference; explicitFileType = wrapper.cfbundle; includeInIndex = 0; path = CloudOnMobileUITests.xctest; sourceTree = BUILT_PRODUCTS_DIR; };
		E740A7B9277AF87500A83025 /* CloudOnMobileUITests.swift */ = {isa = PBXFileReference; lastKnownFileType = sourcecode.swift; path = CloudOnMobileUITests.swift; sourceTree = "<group>"; };
		E740A7BB277AF87500A83025 /* CloudOnMobileUITestsLaunchTests.swift */ = {isa = PBXFileReference; lastKnownFileType = sourcecode.swift; path = CloudOnMobileUITestsLaunchTests.swift; sourceTree = "<group>"; };
		E740A7C3277AF9A600A83025 /* AppSchemeProperties.swift */ = {isa = PBXFileReference; lastKnownFileType = sourcecode.swift; path = AppSchemeProperties.swift; sourceTree = "<group>"; };
		E740A7C5277B231D00A83025 /* Common.xcconfig */ = {isa = PBXFileReference; lastKnownFileType = text.xcconfig; path = Common.xcconfig; sourceTree = "<group>"; };
		E747BEB62770FABE0046D036 /* MainViewController.swift */ = {isa = PBXFileReference; lastKnownFileType = sourcecode.swift; path = MainViewController.swift; sourceTree = "<group>"; };
		E747BEB82770FAC80046D036 /* MainPresenter.swift */ = {isa = PBXFileReference; lastKnownFileType = sourcecode.swift; path = MainPresenter.swift; sourceTree = "<group>"; };
		E747BEBB27710C7E0046D036 /* FlowController.swift */ = {isa = PBXFileReference; lastKnownFileType = sourcecode.swift; path = FlowController.swift; sourceTree = "<group>"; };
		E747BEBD27710C9F0046D036 /* FlowControllerPresentation.swift */ = {isa = PBXFileReference; lastKnownFileType = sourcecode.swift; path = FlowControllerPresentation.swift; sourceTree = "<group>"; };
		E747BEC027710CC20046D036 /* MainFlowController.swift */ = {isa = PBXFileReference; lastKnownFileType = sourcecode.swift; path = MainFlowController.swift; sourceTree = "<group>"; };
		E747BEC327710D0D0046D036 /* MainDependencyContainer.swift */ = {isa = PBXFileReference; lastKnownFileType = sourcecode.swift; path = MainDependencyContainer.swift; sourceTree = "<group>"; };
		E747BEC6277110100046D036 /* Poppins-Regular.ttf */ = {isa = PBXFileReference; lastKnownFileType = file; path = "Poppins-Regular.ttf"; sourceTree = "<group>"; };
		E747BECA277117C20046D036 /* UIStackView+Extensions.swift */ = {isa = PBXFileReference; lastKnownFileType = sourcecode.swift; path = "UIStackView+Extensions.swift"; sourceTree = "<group>"; };
		E747BECC277117F70046D036 /* UILabel+Extensions.swift */ = {isa = PBXFileReference; lastKnownFileType = sourcecode.swift; path = "UILabel+Extensions.swift"; sourceTree = "<group>"; };
		E747BECF2771C5F00046D036 /* SheetPresentationController.swift */ = {isa = PBXFileReference; lastKnownFileType = sourcecode.swift; path = SheetPresentationController.swift; sourceTree = "<group>"; };
		E747BED12771C6650046D036 /* SheetPresentationBehaviourController.swift */ = {isa = PBXFileReference; lastKnownFileType = sourcecode.swift; path = SheetPresentationBehaviourController.swift; sourceTree = "<group>"; };
		E747BED32771C6E10046D036 /* SheetPresentationContainerView.swift */ = {isa = PBXFileReference; lastKnownFileType = sourcecode.swift; path = SheetPresentationContainerView.swift; sourceTree = "<group>"; };
		E75E2F652773059000843855 /* FilesViewController.swift */ = {isa = PBXFileReference; lastKnownFileType = sourcecode.swift; path = FilesViewController.swift; sourceTree = "<group>"; };
		E75E2F672773093000843855 /* FilesPresenter.swift */ = {isa = PBXFileReference; lastKnownFileType = sourcecode.swift; path = FilesPresenter.swift; sourceTree = "<group>"; };
		E75E2F6A2778654300843855 /* IconTitleSubtitleView.swift */ = {isa = PBXFileReference; lastKnownFileType = sourcecode.swift; path = IconTitleSubtitleView.swift; sourceTree = "<group>"; };
		E75E2F6C2778658900843855 /* BaseTableViewCell.swift */ = {isa = PBXFileReference; lastKnownFileType = sourcecode.swift; path = BaseTableViewCell.swift; sourceTree = "<group>"; };
		E75E2F6E277865BD00843855 /* Fillable.swift */ = {isa = PBXFileReference; lastKnownFileType = sourcecode.swift; path = Fillable.swift; sourceTree = "<group>"; };
		E75E2F70277865E000843855 /* ReusableView.swift */ = {isa = PBXFileReference; lastKnownFileType = sourcecode.swift; path = ReusableView.swift; sourceTree = "<group>"; };
		E75E2F722778684600843855 /* UITableView+Extensions.swift */ = {isa = PBXFileReference; lastKnownFileType = sourcecode.swift; path = "UITableView+Extensions.swift"; sourceTree = "<group>"; };
		E75E2F742778685E00843855 /* NSObject+Extensions.swift */ = {isa = PBXFileReference; lastKnownFileType = sourcecode.swift; path = "NSObject+Extensions.swift"; sourceTree = "<group>"; };
		E75E2F77277875F700843855 /* File.swift */ = {isa = PBXFileReference; lastKnownFileType = sourcecode.swift; path = File.swift; sourceTree = "<group>"; };
		E75E2F7A2778761500843855 /* FileType.swift */ = {isa = PBXFileReference; lastKnownFileType = sourcecode.swift; path = FileType.swift; sourceTree = "<group>"; };
		E75E2F7C2778769D00843855 /* Size.swift */ = {isa = PBXFileReference; lastKnownFileType = sourcecode.swift; path = Size.swift; sourceTree = "<group>"; };
		E75E2F7E2778785C00843855 /* FilesDownloader.swift */ = {isa = PBXFileReference; lastKnownFileType = sourcecode.swift; path = FilesDownloader.swift; sourceTree = "<group>"; };
		E785FEEC276A56390008A720 /* UIView+Extensions.swift */ = {isa = PBXFileReference; fileEncoding = 4; lastKnownFileType = sourcecode.swift; path = "UIView+Extensions.swift"; sourceTree = "<group>"; };
		E785FEED276A56390008A720 /* Functions.swift */ = {isa = PBXFileReference; fileEncoding = 4; lastKnownFileType = sourcecode.swift; path = Functions.swift; sourceTree = "<group>"; };
		E785FEEF276A56390008A720 /* BaseViewController.swift */ = {isa = PBXFileReference; fileEncoding = 4; lastKnownFileType = sourcecode.swift; path = BaseViewController.swift; sourceTree = "<group>"; };
		E785FEF0276A56390008A720 /* Presenter.swift */ = {isa = PBXFileReference; fileEncoding = 4; lastKnownFileType = sourcecode.swift; path = Presenter.swift; sourceTree = "<group>"; };
		E785FEF1276A56390008A720 /* UIView+AutoLayout.swift */ = {isa = PBXFileReference; fileEncoding = 4; lastKnownFileType = sourcecode.swift; path = "UIView+AutoLayout.swift"; sourceTree = "<group>"; };
		E785FEF2276A56390008A720 /* AutoKeyboard.swift */ = {isa = PBXFileReference; fileEncoding = 4; lastKnownFileType = sourcecode.swift; path = AutoKeyboard.swift; sourceTree = "<group>"; };
		E785FEFB276A57440008A720 /* AppColor.swift */ = {isa = PBXFileReference; fileEncoding = 4; lastKnownFileType = sourcecode.swift; path = AppColor.swift; sourceTree = "<group>"; };
		E785FEFC276A57440008A720 /* ColorStyle.swift */ = {isa = PBXFileReference; fileEncoding = 4; lastKnownFileType = sourcecode.swift; path = ColorStyle.swift; sourceTree = "<group>"; };
		E785FEFE276A57440008A720 /* FontStyle.swift */ = {isa = PBXFileReference; fileEncoding = 4; lastKnownFileType = sourcecode.swift; path = FontStyle.swift; sourceTree = "<group>"; };
		E785FEFF276A57440008A720 /* AppFont.swift */ = {isa = PBXFileReference; fileEncoding = 4; lastKnownFileType = sourcecode.swift; path = AppFont.swift; sourceTree = "<group>"; };
		E785FF00276A57440008A720 /* AppStyle.swift */ = {isa = PBXFileReference; fileEncoding = 4; lastKnownFileType = sourcecode.swift; path = AppStyle.swift; sourceTree = "<group>"; };
		E785FF08276A5DD70008A720 /* BaseView.swift */ = {isa = PBXFileReference; lastKnownFileType = sourcecode.swift; path = BaseView.swift; sourceTree = "<group>"; };
/* End PBXFileReference section */

/* Begin PBXFrameworksBuildPhase section */
		3D1F102E258D4D7C007C4E38 /* Frameworks */ = {
			isa = PBXFrameworksBuildPhase;
			buildActionMask = 2147483647;
			files = (
			);
			runOnlyForDeploymentPostprocessing = 0;
		};
		E740A7A6277AF86100A83025 /* Frameworks */ = {
			isa = PBXFrameworksBuildPhase;
			buildActionMask = 2147483647;
			files = (
			);
			runOnlyForDeploymentPostprocessing = 0;
		};
		E740A7B4277AF87500A83025 /* Frameworks */ = {
			isa = PBXFrameworksBuildPhase;
			buildActionMask = 2147483647;
			files = (
			);
			runOnlyForDeploymentPostprocessing = 0;
		};
/* End PBXFrameworksBuildPhase section */

/* Begin PBXGroup section */
		3D1F1028258D4D7C007C4E38 = {
			isa = PBXGroup;
			children = (
				3D1F1033258D4D7C007C4E38 /* CloudOnMobile */,
				E740A7AA277AF86100A83025 /* CloudOnMobileTests */,
				E740A7B8277AF87500A83025 /* CloudOnMobileUITests */,
				3D1F1032258D4D7C007C4E38 /* Products */,
				3DD4F5922757EDFC004FE0C2 /* Frameworks */,
			);
			sourceTree = "<group>";
		};
		3D1F1032258D4D7C007C4E38 /* Products */ = {
			isa = PBXGroup;
			children = (
				3D1F1031258D4D7C007C4E38 /* CloudOnMobile Dev.app */,
				E740A7A9277AF86100A83025 /* CloudOnMobileTests.xctest */,
				E740A7B7277AF87500A83025 /* CloudOnMobileUITests.xctest */,
			);
			name = Products;
			sourceTree = "<group>";
		};
		3D1F1033258D4D7C007C4E38 /* CloudOnMobile */ = {
			isa = PBXGroup;
			children = (
				E740A79F277AF76700A83025 /* Configuration */,
				E747BEBA27710C6D0046D036 /* FlowControllers */,
				E785FEEB276A56390008A720 /* Base */,
				3D2400952769542500DF8F87 /* CoreWrapper */,
				3D423CBE277B15FD00C8E4C1 /* Core */,
				E747BEB42770FA110046D036 /* Modules */,
				E785FEF9276A57440008A720 /* Style */,
				E75E2F69277864FD00843855 /* Views */,
				3D1F1034258D4D7C007C4E38 /* AppDelegate.swift */,
				3D1F103D258D4D7D007C4E38 /* Assets.xcassets */,
				3D1F104C258D4F04007C4E38 /* CloudOnMobile-Bridging-Header.h */,
				3D93B67D274AAF9A007364E8 /* CommandManager.swift */,
				3D1F1042258D4D7D007C4E38 /* Info.plist */,
				3D1F103F258D4D7D007C4E38 /* LaunchScreen.storyboard */,
				3D1F1036258D4D7C007C4E38 /* SceneDelegate.swift */,
			);
			path = CloudOnMobile;
			sourceTree = "<group>";
		};
		3D2400952769542500DF8F87 /* CoreWrapper */ = {
			isa = PBXGroup;
			children = (
				3D2400962769550F00DF8F87 /* CoreWrapperC.h */,
				3D2400972769550F00DF8F87 /* CoreWrapperC.c */,
				3D2400992769586A00DF8F87 /* CoreWrapperSwift.swift */,
			);
			path = CoreWrapper;
			sourceTree = "<group>";
		};
		3D423CBE277B15FD00C8E4C1 /* Core */ = {
			isa = PBXGroup;
			children = (
				3D423CC7277B15FD00C8E4C1 /* TcpClient */,
				3D423CD0277B15FD00C8E4C1 /* FileManager */,
				3D423CC1277B15FD00C8E4C1 /* base64 */,
				3D423CBF277B15FD00C8E4C1 /* cJSON.h */,
				3D423CC0277B15FD00C8E4C1 /* cJSON_Utils.h */,
				3D423CCF277B15FD00C8E4C1 /* cJSON.c */,
				3D423CD3277B15FD00C8E4C1 /* cJSON_Utils.c */,
			);
			path = Core;
			sourceTree = SOURCE_ROOT;
		};
		3D423CC1277B15FD00C8E4C1 /* base64 */ = {
			isa = PBXGroup;
			children = (
				3D423CC2277B15FD00C8E4C1 /* buffer.c */,
				3D423CC3277B15FD00C8E4C1 /* b64.h */,
				3D423CC4277B15FD00C8E4C1 /* decode.c */,
				3D423CC5277B15FD00C8E4C1 /* encode.c */,
			);
			path = base64;
			sourceTree = "<group>";
		};
		3D423CC7277B15FD00C8E4C1 /* TcpClient */ = {
			isa = PBXGroup;
			children = (
				3D423CC8277B15FD00C8E4C1 /* TcpParser.c */,
				3D423CC9277B15FD00C8E4C1 /* TcpClient.c */,
				3D423CCA277B15FD00C8E4C1 /* TlsClient.h */,
				3D423CCB277B15FD00C8E4C1 /* TcpParser.h */,
				3D423CCC277B15FD00C8E4C1 /* TlsClient.c */,
				3D423CCD277B15FD00C8E4C1 /* TcpClient.h */,
			);
			path = TcpClient;
			sourceTree = "<group>";
		};
		3D423CD0277B15FD00C8E4C1 /* FileManager */ = {
			isa = PBXGroup;
			children = (
				3D423CD1277B15FD00C8E4C1 /* FileManager.h */,
				3D423CD2277B15FD00C8E4C1 /* FileManager.c */,
			);
			path = FileManager;
			sourceTree = "<group>";
		};
		3DD4F5922757EDFC004FE0C2 /* Frameworks */ = {
			isa = PBXGroup;
			children = (
			);
			name = Frameworks;
			sourceTree = "<group>";
		};
		E740A79F277AF76700A83025 /* Configuration */ = {
			isa = PBXGroup;
			children = (
				E740A7C5277B231D00A83025 /* Common.xcconfig */,
				E740A7A0277AF77900A83025 /* Development.xcconfig */,
				E740A7A1277AF7A100A83025 /* Staging.xcconfig */,
				E740A7A2277AF7B900A83025 /* Production.xcconfig */,
				E740A7C3277AF9A600A83025 /* AppSchemeProperties.swift */,
			);
			path = Configuration;
			sourceTree = "<group>";
		};
		E740A7AA277AF86100A83025 /* CloudOnMobileTests */ = {
			isa = PBXGroup;
			children = (
				E740A7AB277AF86100A83025 /* CloudOnMobileTests.swift */,
			);
			path = CloudOnMobileTests;
			sourceTree = "<group>";
		};
		E740A7B8277AF87500A83025 /* CloudOnMobileUITests */ = {
			isa = PBXGroup;
			children = (
				E740A7B9277AF87500A83025 /* CloudOnMobileUITests.swift */,
				E740A7BB277AF87500A83025 /* CloudOnMobileUITestsLaunchTests.swift */,
			);
			path = CloudOnMobileUITests;
			sourceTree = "<group>";
		};
		E747BEB42770FA110046D036 /* Modules */ = {
			isa = PBXGroup;
			children = (
				E75E2F642773057A00843855 /* Files */,
				E747BEB52770FAAC0046D036 /* Main */,
			);
			path = Modules;
			sourceTree = "<group>";
		};
		E747BEB52770FAAC0046D036 /* Main */ = {
			isa = PBXGroup;
			children = (
				E747BEB62770FABE0046D036 /* MainViewController.swift */,
				E747BEB82770FAC80046D036 /* MainPresenter.swift */,
			);
			path = Main;
			sourceTree = "<group>";
		};
		E747BEBA27710C6D0046D036 /* FlowControllers */ = {
			isa = PBXGroup;
			children = (
				E747BEBF27710CB60046D036 /* Base */,
				E747BEC227710D050046D036 /* Main */,
			);
			path = FlowControllers;
			sourceTree = "<group>";
		};
		E747BEBF27710CB60046D036 /* Base */ = {
			isa = PBXGroup;
			children = (
				E747BEBB27710C7E0046D036 /* FlowController.swift */,
				E747BEBD27710C9F0046D036 /* FlowControllerPresentation.swift */,
			);
			path = Base;
			sourceTree = "<group>";
		};
		E747BEC227710D050046D036 /* Main */ = {
			isa = PBXGroup;
			children = (
				E747BEC027710CC20046D036 /* MainFlowController.swift */,
				E747BEC327710D0D0046D036 /* MainDependencyContainer.swift */,
			);
			path = Main;
			sourceTree = "<group>";
		};
		E747BEC527710FCC0046D036 /* Fonts */ = {
			isa = PBXGroup;
			children = (
				E747BEC6277110100046D036 /* Poppins-Regular.ttf */,
			);
			path = Fonts;
			sourceTree = "<group>";
		};
		E747BEC9277117AB0046D036 /* Extensions */ = {
			isa = PBXGroup;
			children = (
				E785FEEC276A56390008A720 /* UIView+Extensions.swift */,
				E747BECA277117C20046D036 /* UIStackView+Extensions.swift */,
				E747BECC277117F70046D036 /* UILabel+Extensions.swift */,
				E75E2F722778684600843855 /* UITableView+Extensions.swift */,
				E75E2F742778685E00843855 /* NSObject+Extensions.swift */,
			);
			path = Extensions;
			sourceTree = "<group>";
		};
		E747BECE2771C5B80046D036 /* SheetPresentationController */ = {
			isa = PBXGroup;
			children = (
				E747BECF2771C5F00046D036 /* SheetPresentationController.swift */,
				E747BED12771C6650046D036 /* SheetPresentationBehaviourController.swift */,
				E747BED32771C6E10046D036 /* SheetPresentationContainerView.swift */,
			);
			path = SheetPresentationController;
			sourceTree = "<group>";
		};
		E75E2F642773057A00843855 /* Files */ = {
			isa = PBXGroup;
			children = (
				E75E2F792778760900843855 /* Models */,
				E75E2F652773059000843855 /* FilesViewController.swift */,
				E75E2F672773093000843855 /* FilesPresenter.swift */,
				E75E2F7E2778785C00843855 /* FilesDownloader.swift */,
			);
			path = Files;
			sourceTree = "<group>";
		};
		E75E2F69277864FD00843855 /* Views */ = {
			isa = PBXGroup;
			children = (
				E75E2F762778695C00843855 /* Base */,
				E75E2F6A2778654300843855 /* IconTitleSubtitleView.swift */,
			);
			path = Views;
			sourceTree = "<group>";
		};
		E75E2F762778695C00843855 /* Base */ = {
			isa = PBXGroup;
			children = (
				E75E2F6C2778658900843855 /* BaseTableViewCell.swift */,
				E75E2F70277865E000843855 /* ReusableView.swift */,
			);
			path = Base;
			sourceTree = "<group>";
		};
		E75E2F792778760900843855 /* Models */ = {
			isa = PBXGroup;
			children = (
				E75E2F77277875F700843855 /* File.swift */,
				E75E2F7A2778761500843855 /* FileType.swift */,
				E75E2F7C2778769D00843855 /* Size.swift */,
			);
			path = Models;
			sourceTree = "<group>";
		};
		E785FEEB276A56390008A720 /* Base */ = {
			isa = PBXGroup;
			children = (
				E747BECE2771C5B80046D036 /* SheetPresentationController */,
				E747BEC9277117AB0046D036 /* Extensions */,
				E785FEEE276A56390008A720 /* Module */,
				E785FEF2276A56390008A720 /* AutoKeyboard.swift */,
				E785FF08276A5DD70008A720 /* BaseView.swift */,
				E785FEED276A56390008A720 /* Functions.swift */,
				E785FEF1276A56390008A720 /* UIView+AutoLayout.swift */,
				E75E2F6E277865BD00843855 /* Fillable.swift */,
			);
			path = Base;
			sourceTree = "<group>";
		};
		E785FEEE276A56390008A720 /* Module */ = {
			isa = PBXGroup;
			children = (
				E785FEEF276A56390008A720 /* BaseViewController.swift */,
				E785FEF0276A56390008A720 /* Presenter.swift */,
			);
			path = Module;
			sourceTree = "<group>";
		};
		E785FEF9276A57440008A720 /* Style */ = {
			isa = PBXGroup;
			children = (
				E785FEFA276A57440008A720 /* Color */,
				E785FEFD276A57440008A720 /* Font */,
				E785FF00276A57440008A720 /* AppStyle.swift */,
			);
			path = Style;
			sourceTree = "<group>";
		};
		E785FEFA276A57440008A720 /* Color */ = {
			isa = PBXGroup;
			children = (
				E785FEFB276A57440008A720 /* AppColor.swift */,
				E785FEFC276A57440008A720 /* ColorStyle.swift */,
			);
			path = Color;
			sourceTree = "<group>";
		};
		E785FEFD276A57440008A720 /* Font */ = {
			isa = PBXGroup;
			children = (
				E747BEC527710FCC0046D036 /* Fonts */,
				E785FEFF276A57440008A720 /* AppFont.swift */,
				E785FEFE276A57440008A720 /* FontStyle.swift */,
			);
			path = Font;
			sourceTree = "<group>";
		};
/* End PBXGroup section */

/* Begin PBXNativeTarget section */
		3D1F1030258D4D7C007C4E38 /* CloudOnMobile */ = {
			isa = PBXNativeTarget;
			buildConfigurationList = 3D1F1045258D4D7D007C4E38 /* Build configuration list for PBXNativeTarget "CloudOnMobile" */;
			buildPhases = (
				3D1F102D258D4D7C007C4E38 /* Sources */,
				3D1F102E258D4D7C007C4E38 /* Frameworks */,
				3D1F102F258D4D7C007C4E38 /* Resources */,
			);
			buildRules = (
			);
			dependencies = (
			);
			name = CloudOnMobile;
			productName = CloudOnMobile;
			productReference = 3D1F1031258D4D7C007C4E38 /* CloudOnMobile Dev.app */;
			productType = "com.apple.product-type.application";
		};
		E740A7A8277AF86100A83025 /* CloudOnMobileTests */ = {
			isa = PBXNativeTarget;
			buildConfigurationList = E740A7AF277AF86100A83025 /* Build configuration list for PBXNativeTarget "CloudOnMobileTests" */;
			buildPhases = (
				E740A7A5277AF86100A83025 /* Sources */,
				E740A7A6277AF86100A83025 /* Frameworks */,
				E740A7A7277AF86100A83025 /* Resources */,
			);
			buildRules = (
			);
			dependencies = (
				E740A7AE277AF86100A83025 /* PBXTargetDependency */,
			);
			name = CloudOnMobileTests;
			productName = CloudOnMobileTests;
			productReference = E740A7A9277AF86100A83025 /* CloudOnMobileTests.xctest */;
			productType = "com.apple.product-type.bundle.unit-test";
		};
		E740A7B6277AF87500A83025 /* CloudOnMobileUITests */ = {
			isa = PBXNativeTarget;
			buildConfigurationList = E740A7BF277AF87500A83025 /* Build configuration list for PBXNativeTarget "CloudOnMobileUITests" */;
			buildPhases = (
				E740A7B3277AF87500A83025 /* Sources */,
				E740A7B4277AF87500A83025 /* Frameworks */,
				E740A7B5277AF87500A83025 /* Resources */,
			);
			buildRules = (
			);
			dependencies = (
				E740A7BE277AF87500A83025 /* PBXTargetDependency */,
			);
			name = CloudOnMobileUITests;
			productName = CloudOnMobileUITests;
			productReference = E740A7B7277AF87500A83025 /* CloudOnMobileUITests.xctest */;
			productType = "com.apple.product-type.bundle.ui-testing";
		};
/* End PBXNativeTarget section */

/* Begin PBXProject section */
		3D1F1029258D4D7C007C4E38 /* Project object */ = {
			isa = PBXProject;
			attributes = {
				LastSwiftUpdateCheck = 1320;
				LastUpgradeCheck = 1220;
				TargetAttributes = {
					3D1F1030258D4D7C007C4E38 = {
						CreatedOnToolsVersion = 12.2;
						LastSwiftMigration = 1220;
					};
					E740A7A8277AF86100A83025 = {
						CreatedOnToolsVersion = 13.2.1;
						TestTargetID = 3D1F1030258D4D7C007C4E38;
					};
					E740A7B6277AF87500A83025 = {
						CreatedOnToolsVersion = 13.2.1;
						TestTargetID = 3D1F1030258D4D7C007C4E38;
					};
				};
			};
			buildConfigurationList = 3D1F102C258D4D7C007C4E38 /* Build configuration list for PBXProject "CloudOnMobile" */;
			compatibilityVersion = "Xcode 9.3";
			developmentRegion = en;
			hasScannedForEncodings = 0;
			knownRegions = (
				en,
				Base,
			);
			mainGroup = 3D1F1028258D4D7C007C4E38;
			productRefGroup = 3D1F1032258D4D7C007C4E38 /* Products */;
			projectDirPath = "";
			projectRoot = "";
			targets = (
				3D1F1030258D4D7C007C4E38 /* CloudOnMobile */,
				E740A7A8277AF86100A83025 /* CloudOnMobileTests */,
				E740A7B6277AF87500A83025 /* CloudOnMobileUITests */,
			);
		};
/* End PBXProject section */

/* Begin PBXResourcesBuildPhase section */
		3D1F102F258D4D7C007C4E38 /* Resources */ = {
			isa = PBXResourcesBuildPhase;
			buildActionMask = 2147483647;
			files = (
				E747BEC8277111520046D036 /* Poppins-Regular.ttf in Resources */,
				3D1F1041258D4D7D007C4E38 /* LaunchScreen.storyboard in Resources */,
				3D1F103E258D4D7D007C4E38 /* Assets.xcassets in Resources */,
			);
			runOnlyForDeploymentPostprocessing = 0;
		};
		E740A7A7277AF86100A83025 /* Resources */ = {
			isa = PBXResourcesBuildPhase;
			buildActionMask = 2147483647;
			files = (
			);
			runOnlyForDeploymentPostprocessing = 0;
		};
		E740A7B5277AF87500A83025 /* Resources */ = {
			isa = PBXResourcesBuildPhase;
			buildActionMask = 2147483647;
			files = (
			);
			runOnlyForDeploymentPostprocessing = 0;
		};
/* End PBXResourcesBuildPhase section */

/* Begin PBXSourcesBuildPhase section */
		3D1F102D258D4D7C007C4E38 /* Sources */ = {
			isa = PBXSourcesBuildPhase;
			buildActionMask = 2147483647;
			files = (
				E75E2F752778685E00843855 /* NSObject+Extensions.swift in Sources */,
				E747BEB72770FABE0046D036 /* MainViewController.swift in Sources */,
				E75E2F7B2778761500843855 /* FileType.swift in Sources */,
				E747BED02771C5F00046D036 /* SheetPresentationController.swift in Sources */,
				3D93B67E274AAF9A007364E8 /* CommandManager.swift in Sources */,
				E785FF02276A57440008A720 /* ColorStyle.swift in Sources */,
				E75E2F78277875F700843855 /* File.swift in Sources */,
				3D423CD4277B15FD00C8E4C1 /* buffer.c in Sources */,
				E75E2F6F277865BD00843855 /* Fillable.swift in Sources */,
				E75E2F732778684600843855 /* UITableView+Extensions.swift in Sources */,
				E785FEF5276A56390008A720 /* BaseViewController.swift in Sources */,
				E747BED22771C6650046D036 /* SheetPresentationBehaviourController.swift in Sources */,
				E747BECB277117C20046D036 /* UIStackView+Extensions.swift in Sources */,
				3D1F1035258D4D7C007C4E38 /* AppDelegate.swift in Sources */,
				E785FF01276A57440008A720 /* AppColor.swift in Sources */,
				3D423CD8277B15FD00C8E4C1 /* TcpParser.c in Sources */,
				E75E2F7D2778769D00843855 /* Size.swift in Sources */,
				3D423CDD277B15FD00C8E4C1 /* FileManager.c in Sources */,
				E785FEF3276A56390008A720 /* UIView+Extensions.swift in Sources */,
				E785FF09276A5DD70008A720 /* BaseView.swift in Sources */,
				E785FEF7276A56390008A720 /* UIView+AutoLayout.swift in Sources */,
				E747BEC427710D0D0046D036 /* MainDependencyContainer.swift in Sources */,
				3D423CDC277B15FD00C8E4C1 /* cJSON.c in Sources */,
				E785FEF8276A56390008A720 /* AutoKeyboard.swift in Sources */,
				E740A7C4277AF9A600A83025 /* AppSchemeProperties.swift in Sources */,
				3D423CD5277B15FD00C8E4C1 /* decode.c in Sources */,
				E785FF04276A57440008A720 /* AppFont.swift in Sources */,
				E785FF05276A57440008A720 /* AppStyle.swift in Sources */,
				3D24009A2769586A00DF8F87 /* CoreWrapperSwift.swift in Sources */,
				E785FEF4276A56390008A720 /* Functions.swift in Sources */,
				3D423CDA277B15FD00C8E4C1 /* TlsClient.c in Sources */,
				E75E2F682773093000843855 /* FilesPresenter.swift in Sources */,
				E747BEC127710CC20046D036 /* MainFlowController.swift in Sources */,
				E75E2F71277865E000843855 /* ReusableView.swift in Sources */,
				3D2400982769550F00DF8F87 /* CoreWrapperC.c in Sources */,
				E785FEF6276A56390008A720 /* Presenter.swift in Sources */,
				E785FF03276A57440008A720 /* FontStyle.swift in Sources */,
				E747BEBC27710C7E0046D036 /* FlowController.swift in Sources */,
				3D1F1037258D4D7C007C4E38 /* SceneDelegate.swift in Sources */,
				3D423CDE277B15FD00C8E4C1 /* cJSON_Utils.c in Sources */,
				E747BEB92770FAC80046D036 /* MainPresenter.swift in Sources */,
				E747BED42771C6E10046D036 /* SheetPresentationContainerView.swift in Sources */,
				E75E2F6B2778654300843855 /* IconTitleSubtitleView.swift in Sources */,
				E75E2F6D2778658900843855 /* BaseTableViewCell.swift in Sources */,
				E75E2F662773059000843855 /* FilesViewController.swift in Sources */,
				E747BECD277117F70046D036 /* UILabel+Extensions.swift in Sources */,
				3D423CD9277B15FD00C8E4C1 /* TcpClient.c in Sources */,
				E747BEBE27710C9F0046D036 /* FlowControllerPresentation.swift in Sources */,
				E75E2F7F2778785C00843855 /* FilesDownloader.swift in Sources */,
				3D423CD6277B15FD00C8E4C1 /* encode.c in Sources */,
			);
			runOnlyForDeploymentPostprocessing = 0;
		};
		E740A7A5277AF86100A83025 /* Sources */ = {
			isa = PBXSourcesBuildPhase;
			buildActionMask = 2147483647;
			files = (
				E740A7AC277AF86100A83025 /* CloudOnMobileTests.swift in Sources */,
			);
			runOnlyForDeploymentPostprocessing = 0;
		};
		E740A7B3277AF87500A83025 /* Sources */ = {
			isa = PBXSourcesBuildPhase;
			buildActionMask = 2147483647;
			files = (
				E740A7BA277AF87500A83025 /* CloudOnMobileUITests.swift in Sources */,
				E740A7BC277AF87500A83025 /* CloudOnMobileUITestsLaunchTests.swift in Sources */,
			);
			runOnlyForDeploymentPostprocessing = 0;
		};
/* End PBXSourcesBuildPhase section */

/* Begin PBXTargetDependency section */
		E740A7AE277AF86100A83025 /* PBXTargetDependency */ = {
			isa = PBXTargetDependency;
			target = 3D1F1030258D4D7C007C4E38 /* CloudOnMobile */;
			targetProxy = E740A7AD277AF86100A83025 /* PBXContainerItemProxy */;
		};
		E740A7BE277AF87500A83025 /* PBXTargetDependency */ = {
			isa = PBXTargetDependency;
			target = 3D1F1030258D4D7C007C4E38 /* CloudOnMobile */;
			targetProxy = E740A7BD277AF87500A83025 /* PBXContainerItemProxy */;
		};
/* End PBXTargetDependency section */

/* Begin PBXVariantGroup section */
		3D1F103F258D4D7D007C4E38 /* LaunchScreen.storyboard */ = {
			isa = PBXVariantGroup;
			children = (
				3D1F1040258D4D7D007C4E38 /* Base */,
			);
			name = LaunchScreen.storyboard;
			sourceTree = "<group>";
		};
/* End PBXVariantGroup section */

/* Begin XCBuildConfiguration section */
		3D1F1043258D4D7D007C4E38 /* Development */ = {
			isa = XCBuildConfiguration;
			baseConfigurationReference = E740A7A0277AF77900A83025 /* Development.xcconfig */;
			buildSettings = {
				ALWAYS_SEARCH_USER_PATHS = NO;
				CLANG_ANALYZER_NONNULL = YES;
				CLANG_ANALYZER_NUMBER_OBJECT_CONVERSION = YES_AGGRESSIVE;
				CLANG_CXX_LANGUAGE_STANDARD = "gnu++14";
				CLANG_CXX_LIBRARY = "libc++";
				CLANG_ENABLE_MODULES = YES;
				CLANG_ENABLE_OBJC_ARC = YES;
				CLANG_ENABLE_OBJC_WEAK = YES;
				CLANG_WARN_BLOCK_CAPTURE_AUTORELEASING = YES;
				CLANG_WARN_BOOL_CONVERSION = YES;
				CLANG_WARN_COMMA = YES;
				CLANG_WARN_CONSTANT_CONVERSION = YES;
				CLANG_WARN_DEPRECATED_OBJC_IMPLEMENTATIONS = YES;
				CLANG_WARN_DIRECT_OBJC_ISA_USAGE = YES_ERROR;
				CLANG_WARN_DOCUMENTATION_COMMENTS = YES;
				CLANG_WARN_EMPTY_BODY = YES;
				CLANG_WARN_ENUM_CONVERSION = YES;
				CLANG_WARN_INFINITE_RECURSION = YES;
				CLANG_WARN_INT_CONVERSION = YES;
				CLANG_WARN_NON_LITERAL_NULL_CONVERSION = YES;
				CLANG_WARN_OBJC_IMPLICIT_RETAIN_SELF = YES;
				CLANG_WARN_OBJC_LITERAL_CONVERSION = YES;
				CLANG_WARN_OBJC_ROOT_CLASS = YES_ERROR;
				CLANG_WARN_QUOTED_INCLUDE_IN_FRAMEWORK_HEADER = YES;
				CLANG_WARN_RANGE_LOOP_ANALYSIS = YES;
				CLANG_WARN_STRICT_PROTOTYPES = YES;
				CLANG_WARN_SUSPICIOUS_MOVE = YES;
				CLANG_WARN_UNGUARDED_AVAILABILITY = YES_AGGRESSIVE;
				CLANG_WARN_UNREACHABLE_CODE = YES;
				CLANG_WARN__DUPLICATE_METHOD_MATCH = YES;
				COPY_PHASE_STRIP = NO;
				DEBUG_INFORMATION_FORMAT = dwarf;
				ENABLE_STRICT_OBJC_MSGSEND = YES;
				ENABLE_TESTABILITY = YES;
				GCC_C_LANGUAGE_STANDARD = gnu11;
				GCC_DYNAMIC_NO_PIC = NO;
				GCC_NO_COMMON_BLOCKS = YES;
				GCC_OPTIMIZATION_LEVEL = 0;
				GCC_PREPROCESSOR_DEFINITIONS = (
					"DEBUG=1",
					"$(inherited)",
				);
				GCC_WARN_64_TO_32_BIT_CONVERSION = YES;
				GCC_WARN_ABOUT_RETURN_TYPE = YES_ERROR;
				GCC_WARN_UNDECLARED_SELECTOR = YES;
				GCC_WARN_UNINITIALIZED_AUTOS = YES_AGGRESSIVE;
				GCC_WARN_UNUSED_FUNCTION = YES;
				GCC_WARN_UNUSED_VARIABLE = YES;
				IPHONEOS_DEPLOYMENT_TARGET = 14.2;
				MTL_ENABLE_DEBUG_INFO = INCLUDE_SOURCE;
				MTL_FAST_MATH = YES;
				ONLY_ACTIVE_ARCH = YES;
				SDKROOT = iphoneos;
				SWIFT_ACTIVE_COMPILATION_CONDITIONS = DEBUG;
				SWIFT_OPTIMIZATION_LEVEL = "-Onone";
			};
			name = Development;
		};
		3D1F1044258D4D7D007C4E38 /* Staging */ = {
			isa = XCBuildConfiguration;
			baseConfigurationReference = E740A7A1277AF7A100A83025 /* Staging.xcconfig */;
			buildSettings = {
				ALWAYS_SEARCH_USER_PATHS = NO;
				CLANG_ANALYZER_NONNULL = YES;
				CLANG_ANALYZER_NUMBER_OBJECT_CONVERSION = YES_AGGRESSIVE;
				CLANG_CXX_LANGUAGE_STANDARD = "gnu++14";
				CLANG_CXX_LIBRARY = "libc++";
				CLANG_ENABLE_MODULES = YES;
				CLANG_ENABLE_OBJC_ARC = YES;
				CLANG_ENABLE_OBJC_WEAK = YES;
				CLANG_WARN_BLOCK_CAPTURE_AUTORELEASING = YES;
				CLANG_WARN_BOOL_CONVERSION = YES;
				CLANG_WARN_COMMA = YES;
				CLANG_WARN_CONSTANT_CONVERSION = YES;
				CLANG_WARN_DEPRECATED_OBJC_IMPLEMENTATIONS = YES;
				CLANG_WARN_DIRECT_OBJC_ISA_USAGE = YES_ERROR;
				CLANG_WARN_DOCUMENTATION_COMMENTS = YES;
				CLANG_WARN_EMPTY_BODY = YES;
				CLANG_WARN_ENUM_CONVERSION = YES;
				CLANG_WARN_INFINITE_RECURSION = YES;
				CLANG_WARN_INT_CONVERSION = YES;
				CLANG_WARN_NON_LITERAL_NULL_CONVERSION = YES;
				CLANG_WARN_OBJC_IMPLICIT_RETAIN_SELF = YES;
				CLANG_WARN_OBJC_LITERAL_CONVERSION = YES;
				CLANG_WARN_OBJC_ROOT_CLASS = YES_ERROR;
				CLANG_WARN_QUOTED_INCLUDE_IN_FRAMEWORK_HEADER = YES;
				CLANG_WARN_RANGE_LOOP_ANALYSIS = YES;
				CLANG_WARN_STRICT_PROTOTYPES = YES;
				CLANG_WARN_SUSPICIOUS_MOVE = YES;
				CLANG_WARN_UNGUARDED_AVAILABILITY = YES_AGGRESSIVE;
				CLANG_WARN_UNREACHABLE_CODE = YES;
				CLANG_WARN__DUPLICATE_METHOD_MATCH = YES;
				COPY_PHASE_STRIP = NO;
				DEBUG_INFORMATION_FORMAT = "dwarf-with-dsym";
				ENABLE_NS_ASSERTIONS = NO;
				ENABLE_STRICT_OBJC_MSGSEND = YES;
				GCC_C_LANGUAGE_STANDARD = gnu11;
				GCC_NO_COMMON_BLOCKS = YES;
				GCC_WARN_64_TO_32_BIT_CONVERSION = YES;
				GCC_WARN_ABOUT_RETURN_TYPE = YES_ERROR;
				GCC_WARN_UNDECLARED_SELECTOR = YES;
				GCC_WARN_UNINITIALIZED_AUTOS = YES_AGGRESSIVE;
				GCC_WARN_UNUSED_FUNCTION = YES;
				GCC_WARN_UNUSED_VARIABLE = YES;
				IPHONEOS_DEPLOYMENT_TARGET = 14.2;
				MTL_ENABLE_DEBUG_INFO = NO;
				MTL_FAST_MATH = YES;
				SDKROOT = iphoneos;
				SWIFT_COMPILATION_MODE = wholemodule;
				SWIFT_OPTIMIZATION_LEVEL = "-O";
				VALIDATE_PRODUCT = YES;
			};
			name = Staging;
		};
		3D1F1046258D4D7D007C4E38 /* Development */ = {
			isa = XCBuildConfiguration;
			baseConfigurationReference = E740A7A0277AF77900A83025 /* Development.xcconfig */;
			buildSettings = {
				ASSETCATALOG_COMPILER_APPICON_NAME = AppIcon;
				ASSETCATALOG_COMPILER_GLOBAL_ACCENT_COLOR_NAME = AccentColor;
				CLANG_ENABLE_MODULES = YES;
				CODE_SIGN_STYLE = Automatic;
				DEVELOPMENT_TEAM = "";
				HEADER_SEARCH_PATHS = (
					"\"$(SRCROOT)/include\"",
					"\"$(SRCROOT)/Core\"/**",
				);
				INFOPLIST_FILE = CloudOnMobile/Info.plist;
				IPHONEOS_DEPLOYMENT_TARGET = 14.0;
				LD_RUNPATH_SEARCH_PATHS = (
					"$(inherited)",
					"@executable_path/Frameworks",
				);
				LIBRARY_SEARCH_PATHS = (
					"$(inherited)",
					"$(PROJECT_DIR)",
				);
				"LIBRARY_SEARCH_PATHS[sdk=iphoneos*]" = (
					"$(inherited)",
					"$(PROJECT_DIR)",
					"$(PROJECT_DIR)/libs/iphoneos",
				);
				"LIBRARY_SEARCH_PATHS[sdk=iphonesimulator*]" = (
					"$(inherited)",
					"$(PROJECT_DIR)",
					"$(PROJECT_DIR)/libs/simulator",
				);
				OTHER_LDFLAGS = (
					"-lssl_$(CURRENT_ARCH)",
					"-lcrypto_$(CURRENT_ARCH)",
				);
				SWIFT_OBJC_BRIDGING_HEADER = "CloudOnMobile/CloudOnMobile-Bridging-Header.h";
				SWIFT_OPTIMIZATION_LEVEL = "-Onone";
				SWIFT_VERSION = 5.0;
				TARGETED_DEVICE_FAMILY = "1,2";
			};
			name = Development;
		};
		3D1F1047258D4D7D007C4E38 /* Staging */ = {
			isa = XCBuildConfiguration;
			baseConfigurationReference = E740A7A1277AF7A100A83025 /* Staging.xcconfig */;
			buildSettings = {
				ASSETCATALOG_COMPILER_APPICON_NAME = AppIcon;
				ASSETCATALOG_COMPILER_GLOBAL_ACCENT_COLOR_NAME = AccentColor;
				CLANG_ENABLE_MODULES = YES;
				CODE_SIGN_STYLE = Automatic;
				DEVELOPMENT_TEAM = "";
				HEADER_SEARCH_PATHS = (
					"\"$(SRCROOT)/include\"",
					"\"$(SRCROOT)/Core\"/**",
				);
				INFOPLIST_FILE = CloudOnMobile/Info.plist;
				IPHONEOS_DEPLOYMENT_TARGET = 14.0;
				LD_RUNPATH_SEARCH_PATHS = (
					"$(inherited)",
					"@executable_path/Frameworks",
				);
				LIBRARY_SEARCH_PATHS = (
					"$(inherited)",
					"$(PROJECT_DIR)",
				);
				"LIBRARY_SEARCH_PATHS[sdk=iphoneos*]" = (
					"$(inherited)",
					"$(PROJECT_DIR)",
					"$(PROJECT_DIR)/libs/iphoneos",
				);
				"LIBRARY_SEARCH_PATHS[sdk=iphonesimulator*]" = (
					"$(inherited)",
					"$(PROJECT_DIR)",
					"$(PROJECT_DIR)/libs/simulator",
				);
				OTHER_LDFLAGS = (
					"-lssl_$(CURRENT_ARCH)",
					"-lcrypto_$(CURRENT_ARCH)",
				);
				SWIFT_OBJC_BRIDGING_HEADER = "CloudOnMobile/CloudOnMobile-Bridging-Header.h";
				SWIFT_VERSION = 5.0;
				TARGETED_DEVICE_FAMILY = "1,2";
			};
			name = Staging;
		};
		E740A7A3277AF84800A83025 /* Production */ = {
			isa = XCBuildConfiguration;
			baseConfigurationReference = E740A7A2277AF7B900A83025 /* Production.xcconfig */;
			buildSettings = {
				ALWAYS_SEARCH_USER_PATHS = NO;
				CLANG_ANALYZER_NONNULL = YES;
				CLANG_ANALYZER_NUMBER_OBJECT_CONVERSION = YES_AGGRESSIVE;
				CLANG_CXX_LANGUAGE_STANDARD = "gnu++14";
				CLANG_CXX_LIBRARY = "libc++";
				CLANG_ENABLE_MODULES = YES;
				CLANG_ENABLE_OBJC_ARC = YES;
				CLANG_ENABLE_OBJC_WEAK = YES;
				CLANG_WARN_BLOCK_CAPTURE_AUTORELEASING = YES;
				CLANG_WARN_BOOL_CONVERSION = YES;
				CLANG_WARN_COMMA = YES;
				CLANG_WARN_CONSTANT_CONVERSION = YES;
				CLANG_WARN_DEPRECATED_OBJC_IMPLEMENTATIONS = YES;
				CLANG_WARN_DIRECT_OBJC_ISA_USAGE = YES_ERROR;
				CLANG_WARN_DOCUMENTATION_COMMENTS = YES;
				CLANG_WARN_EMPTY_BODY = YES;
				CLANG_WARN_ENUM_CONVERSION = YES;
				CLANG_WARN_INFINITE_RECURSION = YES;
				CLANG_WARN_INT_CONVERSION = YES;
				CLANG_WARN_NON_LITERAL_NULL_CONVERSION = YES;
				CLANG_WARN_OBJC_IMPLICIT_RETAIN_SELF = YES;
				CLANG_WARN_OBJC_LITERAL_CONVERSION = YES;
				CLANG_WARN_OBJC_ROOT_CLASS = YES_ERROR;
				CLANG_WARN_QUOTED_INCLUDE_IN_FRAMEWORK_HEADER = YES;
				CLANG_WARN_RANGE_LOOP_ANALYSIS = YES;
				CLANG_WARN_STRICT_PROTOTYPES = YES;
				CLANG_WARN_SUSPICIOUS_MOVE = YES;
				CLANG_WARN_UNGUARDED_AVAILABILITY = YES_AGGRESSIVE;
				CLANG_WARN_UNREACHABLE_CODE = YES;
				CLANG_WARN__DUPLICATE_METHOD_MATCH = YES;
				COPY_PHASE_STRIP = NO;
				DEBUG_INFORMATION_FORMAT = "dwarf-with-dsym";
				ENABLE_NS_ASSERTIONS = NO;
				ENABLE_STRICT_OBJC_MSGSEND = YES;
				GCC_C_LANGUAGE_STANDARD = gnu11;
				GCC_NO_COMMON_BLOCKS = YES;
				GCC_WARN_64_TO_32_BIT_CONVERSION = YES;
				GCC_WARN_ABOUT_RETURN_TYPE = YES_ERROR;
				GCC_WARN_UNDECLARED_SELECTOR = YES;
				GCC_WARN_UNINITIALIZED_AUTOS = YES_AGGRESSIVE;
				GCC_WARN_UNUSED_FUNCTION = YES;
				GCC_WARN_UNUSED_VARIABLE = YES;
				IPHONEOS_DEPLOYMENT_TARGET = 14.2;
				MTL_ENABLE_DEBUG_INFO = NO;
				MTL_FAST_MATH = YES;
				SDKROOT = iphoneos;
				SWIFT_COMPILATION_MODE = wholemodule;
				SWIFT_OPTIMIZATION_LEVEL = "-O";
				VALIDATE_PRODUCT = YES;
			};
			name = Production;
		};
		E740A7A4277AF84800A83025 /* Production */ = {
			isa = XCBuildConfiguration;
			baseConfigurationReference = E740A7A2277AF7B900A83025 /* Production.xcconfig */;
			buildSettings = {
				ASSETCATALOG_COMPILER_APPICON_NAME = AppIcon;
				ASSETCATALOG_COMPILER_GLOBAL_ACCENT_COLOR_NAME = AccentColor;
				CLANG_ENABLE_MODULES = YES;
				CODE_SIGN_STYLE = Automatic;
				DEVELOPMENT_TEAM = "";
				HEADER_SEARCH_PATHS = (
					"\"$(SRCROOT)/include\"",
					"\"$(SRCROOT)/Core\"/**",
				);
				INFOPLIST_FILE = CloudOnMobile/Info.plist;
				IPHONEOS_DEPLOYMENT_TARGET = 14.0;
				LD_RUNPATH_SEARCH_PATHS = (
					"$(inherited)",
					"@executable_path/Frameworks",
				);
				LIBRARY_SEARCH_PATHS = (
					"$(inherited)",
					"$(PROJECT_DIR)",
				);
				"LIBRARY_SEARCH_PATHS[sdk=iphoneos*]" = (
					"$(inherited)",
					"$(PROJECT_DIR)",
					"$(PROJECT_DIR)/libs/iphoneos",
				);
				"LIBRARY_SEARCH_PATHS[sdk=iphonesimulator*]" = (
					"$(inherited)",
					"$(PROJECT_DIR)",
					"$(PROJECT_DIR)/libs/simulator",
				);
				OTHER_LDFLAGS = (
					"-lssl_$(CURRENT_ARCH)",
					"-lcrypto_$(CURRENT_ARCH)",
				);
				SWIFT_OBJC_BRIDGING_HEADER = "CloudOnMobile/CloudOnMobile-Bridging-Header.h";
				SWIFT_VERSION = 5.0;
				TARGETED_DEVICE_FAMILY = "1,2";
			};
			name = Production;
		};
		E740A7B0277AF86100A83025 /* Development */ = {
			isa = XCBuildConfiguration;
			buildSettings = {
				ALWAYS_SEARCH_USER_PATHS = NO;
				BUNDLE_LOADER = "$(TEST_HOST)";
				CLANG_ANALYZER_NONNULL = YES;
				CLANG_ANALYZER_NUMBER_OBJECT_CONVERSION = YES_AGGRESSIVE;
				CLANG_CXX_LANGUAGE_STANDARD = "gnu++17";
				CLANG_CXX_LIBRARY = "libc++";
				CLANG_ENABLE_MODULES = YES;
				CLANG_ENABLE_OBJC_ARC = YES;
				CLANG_ENABLE_OBJC_WEAK = YES;
				CLANG_WARN_BLOCK_CAPTURE_AUTORELEASING = YES;
				CLANG_WARN_BOOL_CONVERSION = YES;
				CLANG_WARN_COMMA = YES;
				CLANG_WARN_CONSTANT_CONVERSION = YES;
				CLANG_WARN_DEPRECATED_OBJC_IMPLEMENTATIONS = YES;
				CLANG_WARN_DIRECT_OBJC_ISA_USAGE = YES_ERROR;
				CLANG_WARN_DOCUMENTATION_COMMENTS = YES;
				CLANG_WARN_EMPTY_BODY = YES;
				CLANG_WARN_ENUM_CONVERSION = YES;
				CLANG_WARN_INFINITE_RECURSION = YES;
				CLANG_WARN_INT_CONVERSION = YES;
				CLANG_WARN_NON_LITERAL_NULL_CONVERSION = YES;
				CLANG_WARN_OBJC_IMPLICIT_RETAIN_SELF = YES;
				CLANG_WARN_OBJC_LITERAL_CONVERSION = YES;
				CLANG_WARN_OBJC_ROOT_CLASS = YES_ERROR;
				CLANG_WARN_QUOTED_INCLUDE_IN_FRAMEWORK_HEADER = YES;
				CLANG_WARN_RANGE_LOOP_ANALYSIS = YES;
				CLANG_WARN_STRICT_PROTOTYPES = YES;
				CLANG_WARN_SUSPICIOUS_MOVE = YES;
				CLANG_WARN_UNGUARDED_AVAILABILITY = YES_AGGRESSIVE;
				CLANG_WARN_UNREACHABLE_CODE = YES;
				CLANG_WARN__DUPLICATE_METHOD_MATCH = YES;
				CODE_SIGN_STYLE = Automatic;
				COPY_PHASE_STRIP = NO;
				CURRENT_PROJECT_VERSION = 1;
				DEBUG_INFORMATION_FORMAT = dwarf;
				ENABLE_STRICT_OBJC_MSGSEND = YES;
				ENABLE_TESTABILITY = YES;
				GCC_C_LANGUAGE_STANDARD = gnu11;
				GCC_DYNAMIC_NO_PIC = NO;
				GCC_NO_COMMON_BLOCKS = YES;
				GCC_OPTIMIZATION_LEVEL = 0;
				GCC_PREPROCESSOR_DEFINITIONS = (
					"DEBUG=1",
					"$(inherited)",
				);
				GCC_WARN_64_TO_32_BIT_CONVERSION = YES;
				GCC_WARN_ABOUT_RETURN_TYPE = YES_ERROR;
				GCC_WARN_UNDECLARED_SELECTOR = YES;
				GCC_WARN_UNINITIALIZED_AUTOS = YES_AGGRESSIVE;
				GCC_WARN_UNUSED_FUNCTION = YES;
				GCC_WARN_UNUSED_VARIABLE = YES;
				GENERATE_INFOPLIST_FILE = YES;
				IPHONEOS_DEPLOYMENT_TARGET = 15.2;
				MARKETING_VERSION = 1.0;
				MTL_ENABLE_DEBUG_INFO = INCLUDE_SOURCE;
				MTL_FAST_MATH = YES;
				ONLY_ACTIVE_ARCH = YES;
				PRODUCT_BUNDLE_IDENTIFIER = "Karol-Piatek.CloudOnMobileTests";
				PRODUCT_NAME = "$(TARGET_NAME)";
				SDKROOT = iphoneos;
				SWIFT_ACTIVE_COMPILATION_CONDITIONS = DEBUG;
				SWIFT_EMIT_LOC_STRINGS = NO;
				SWIFT_OPTIMIZATION_LEVEL = "-Onone";
				SWIFT_VERSION = 5.0;
				TARGETED_DEVICE_FAMILY = "1,2";
				TEST_HOST = "$(BUILT_PRODUCTS_DIR)/CloudOnMobile.app/CloudOnMobile";
			};
			name = Development;
		};
		E740A7B1277AF86100A83025 /* Staging */ = {
			isa = XCBuildConfiguration;
			buildSettings = {
				ALWAYS_SEARCH_USER_PATHS = NO;
				BUNDLE_LOADER = "$(TEST_HOST)";
				CLANG_ANALYZER_NONNULL = YES;
				CLANG_ANALYZER_NUMBER_OBJECT_CONVERSION = YES_AGGRESSIVE;
				CLANG_CXX_LANGUAGE_STANDARD = "gnu++17";
				CLANG_CXX_LIBRARY = "libc++";
				CLANG_ENABLE_MODULES = YES;
				CLANG_ENABLE_OBJC_ARC = YES;
				CLANG_ENABLE_OBJC_WEAK = YES;
				CLANG_WARN_BLOCK_CAPTURE_AUTORELEASING = YES;
				CLANG_WARN_BOOL_CONVERSION = YES;
				CLANG_WARN_COMMA = YES;
				CLANG_WARN_CONSTANT_CONVERSION = YES;
				CLANG_WARN_DEPRECATED_OBJC_IMPLEMENTATIONS = YES;
				CLANG_WARN_DIRECT_OBJC_ISA_USAGE = YES_ERROR;
				CLANG_WARN_DOCUMENTATION_COMMENTS = YES;
				CLANG_WARN_EMPTY_BODY = YES;
				CLANG_WARN_ENUM_CONVERSION = YES;
				CLANG_WARN_INFINITE_RECURSION = YES;
				CLANG_WARN_INT_CONVERSION = YES;
				CLANG_WARN_NON_LITERAL_NULL_CONVERSION = YES;
				CLANG_WARN_OBJC_IMPLICIT_RETAIN_SELF = YES;
				CLANG_WARN_OBJC_LITERAL_CONVERSION = YES;
				CLANG_WARN_OBJC_ROOT_CLASS = YES_ERROR;
				CLANG_WARN_QUOTED_INCLUDE_IN_FRAMEWORK_HEADER = YES;
				CLANG_WARN_RANGE_LOOP_ANALYSIS = YES;
				CLANG_WARN_STRICT_PROTOTYPES = YES;
				CLANG_WARN_SUSPICIOUS_MOVE = YES;
				CLANG_WARN_UNGUARDED_AVAILABILITY = YES_AGGRESSIVE;
				CLANG_WARN_UNREACHABLE_CODE = YES;
				CLANG_WARN__DUPLICATE_METHOD_MATCH = YES;
				CODE_SIGN_STYLE = Automatic;
				COPY_PHASE_STRIP = NO;
				CURRENT_PROJECT_VERSION = 1;
				DEBUG_INFORMATION_FORMAT = "dwarf-with-dsym";
				ENABLE_NS_ASSERTIONS = NO;
				ENABLE_STRICT_OBJC_MSGSEND = YES;
				GCC_C_LANGUAGE_STANDARD = gnu11;
				GCC_NO_COMMON_BLOCKS = YES;
				GCC_WARN_64_TO_32_BIT_CONVERSION = YES;
				GCC_WARN_ABOUT_RETURN_TYPE = YES_ERROR;
				GCC_WARN_UNDECLARED_SELECTOR = YES;
				GCC_WARN_UNINITIALIZED_AUTOS = YES_AGGRESSIVE;
				GCC_WARN_UNUSED_FUNCTION = YES;
				GCC_WARN_UNUSED_VARIABLE = YES;
				GENERATE_INFOPLIST_FILE = YES;
				IPHONEOS_DEPLOYMENT_TARGET = 15.2;
				MARKETING_VERSION = 1.0;
				MTL_ENABLE_DEBUG_INFO = NO;
				MTL_FAST_MATH = YES;
				PRODUCT_BUNDLE_IDENTIFIER = "Karol-Piatek.CloudOnMobileTests";
				PRODUCT_NAME = "$(TARGET_NAME)";
				SDKROOT = iphoneos;
				SWIFT_COMPILATION_MODE = wholemodule;
				SWIFT_EMIT_LOC_STRINGS = NO;
				SWIFT_OPTIMIZATION_LEVEL = "-O";
				SWIFT_VERSION = 5.0;
				TARGETED_DEVICE_FAMILY = "1,2";
				TEST_HOST = "$(BUILT_PRODUCTS_DIR)/CloudOnMobile.app/CloudOnMobile";
				VALIDATE_PRODUCT = YES;
			};
			name = Staging;
		};
		E740A7B2277AF86100A83025 /* Production */ = {
			isa = XCBuildConfiguration;
			buildSettings = {
				ALWAYS_SEARCH_USER_PATHS = NO;
				BUNDLE_LOADER = "$(TEST_HOST)";
				CLANG_ANALYZER_NONNULL = YES;
				CLANG_ANALYZER_NUMBER_OBJECT_CONVERSION = YES_AGGRESSIVE;
				CLANG_CXX_LANGUAGE_STANDARD = "gnu++17";
				CLANG_CXX_LIBRARY = "libc++";
				CLANG_ENABLE_MODULES = YES;
				CLANG_ENABLE_OBJC_ARC = YES;
				CLANG_ENABLE_OBJC_WEAK = YES;
				CLANG_WARN_BLOCK_CAPTURE_AUTORELEASING = YES;
				CLANG_WARN_BOOL_CONVERSION = YES;
				CLANG_WARN_COMMA = YES;
				CLANG_WARN_CONSTANT_CONVERSION = YES;
				CLANG_WARN_DEPRECATED_OBJC_IMPLEMENTATIONS = YES;
				CLANG_WARN_DIRECT_OBJC_ISA_USAGE = YES_ERROR;
				CLANG_WARN_DOCUMENTATION_COMMENTS = YES;
				CLANG_WARN_EMPTY_BODY = YES;
				CLANG_WARN_ENUM_CONVERSION = YES;
				CLANG_WARN_INFINITE_RECURSION = YES;
				CLANG_WARN_INT_CONVERSION = YES;
				CLANG_WARN_NON_LITERAL_NULL_CONVERSION = YES;
				CLANG_WARN_OBJC_IMPLICIT_RETAIN_SELF = YES;
				CLANG_WARN_OBJC_LITERAL_CONVERSION = YES;
				CLANG_WARN_OBJC_ROOT_CLASS = YES_ERROR;
				CLANG_WARN_QUOTED_INCLUDE_IN_FRAMEWORK_HEADER = YES;
				CLANG_WARN_RANGE_LOOP_ANALYSIS = YES;
				CLANG_WARN_STRICT_PROTOTYPES = YES;
				CLANG_WARN_SUSPICIOUS_MOVE = YES;
				CLANG_WARN_UNGUARDED_AVAILABILITY = YES_AGGRESSIVE;
				CLANG_WARN_UNREACHABLE_CODE = YES;
				CLANG_WARN__DUPLICATE_METHOD_MATCH = YES;
				CODE_SIGN_STYLE = Automatic;
				COPY_PHASE_STRIP = NO;
				CURRENT_PROJECT_VERSION = 1;
				DEBUG_INFORMATION_FORMAT = "dwarf-with-dsym";
				ENABLE_NS_ASSERTIONS = NO;
				ENABLE_STRICT_OBJC_MSGSEND = YES;
				GCC_C_LANGUAGE_STANDARD = gnu11;
				GCC_NO_COMMON_BLOCKS = YES;
				GCC_WARN_64_TO_32_BIT_CONVERSION = YES;
				GCC_WARN_ABOUT_RETURN_TYPE = YES_ERROR;
				GCC_WARN_UNDECLARED_SELECTOR = YES;
				GCC_WARN_UNINITIALIZED_AUTOS = YES_AGGRESSIVE;
				GCC_WARN_UNUSED_FUNCTION = YES;
				GCC_WARN_UNUSED_VARIABLE = YES;
				GENERATE_INFOPLIST_FILE = YES;
				IPHONEOS_DEPLOYMENT_TARGET = 15.2;
				MARKETING_VERSION = 1.0;
				MTL_ENABLE_DEBUG_INFO = NO;
				MTL_FAST_MATH = YES;
				PRODUCT_BUNDLE_IDENTIFIER = "Karol-Piatek.CloudOnMobileTests";
				PRODUCT_NAME = "$(TARGET_NAME)";
				SDKROOT = iphoneos;
				SWIFT_COMPILATION_MODE = wholemodule;
				SWIFT_EMIT_LOC_STRINGS = NO;
				SWIFT_OPTIMIZATION_LEVEL = "-O";
				SWIFT_VERSION = 5.0;
				TARGETED_DEVICE_FAMILY = "1,2";
				TEST_HOST = "$(BUILT_PRODUCTS_DIR)/CloudOnMobile.app/CloudOnMobile";
				VALIDATE_PRODUCT = YES;
			};
			name = Production;
		};
		E740A7C0277AF87500A83025 /* Development */ = {
			isa = XCBuildConfiguration;
			buildSettings = {
				ALWAYS_SEARCH_USER_PATHS = NO;
				CLANG_ANALYZER_NONNULL = YES;
				CLANG_ANALYZER_NUMBER_OBJECT_CONVERSION = YES_AGGRESSIVE;
				CLANG_CXX_LANGUAGE_STANDARD = "gnu++17";
				CLANG_CXX_LIBRARY = "libc++";
				CLANG_ENABLE_MODULES = YES;
				CLANG_ENABLE_OBJC_ARC = YES;
				CLANG_ENABLE_OBJC_WEAK = YES;
				CLANG_WARN_BLOCK_CAPTURE_AUTORELEASING = YES;
				CLANG_WARN_BOOL_CONVERSION = YES;
				CLANG_WARN_COMMA = YES;
				CLANG_WARN_CONSTANT_CONVERSION = YES;
				CLANG_WARN_DEPRECATED_OBJC_IMPLEMENTATIONS = YES;
				CLANG_WARN_DIRECT_OBJC_ISA_USAGE = YES_ERROR;
				CLANG_WARN_DOCUMENTATION_COMMENTS = YES;
				CLANG_WARN_EMPTY_BODY = YES;
				CLANG_WARN_ENUM_CONVERSION = YES;
				CLANG_WARN_INFINITE_RECURSION = YES;
				CLANG_WARN_INT_CONVERSION = YES;
				CLANG_WARN_NON_LITERAL_NULL_CONVERSION = YES;
				CLANG_WARN_OBJC_IMPLICIT_RETAIN_SELF = YES;
				CLANG_WARN_OBJC_LITERAL_CONVERSION = YES;
				CLANG_WARN_OBJC_ROOT_CLASS = YES_ERROR;
				CLANG_WARN_QUOTED_INCLUDE_IN_FRAMEWORK_HEADER = YES;
				CLANG_WARN_RANGE_LOOP_ANALYSIS = YES;
				CLANG_WARN_STRICT_PROTOTYPES = YES;
				CLANG_WARN_SUSPICIOUS_MOVE = YES;
				CLANG_WARN_UNGUARDED_AVAILABILITY = YES_AGGRESSIVE;
				CLANG_WARN_UNREACHABLE_CODE = YES;
				CLANG_WARN__DUPLICATE_METHOD_MATCH = YES;
				CODE_SIGN_STYLE = Automatic;
				COPY_PHASE_STRIP = NO;
				CURRENT_PROJECT_VERSION = 1;
				DEBUG_INFORMATION_FORMAT = dwarf;
				ENABLE_STRICT_OBJC_MSGSEND = YES;
				ENABLE_TESTABILITY = YES;
				GCC_C_LANGUAGE_STANDARD = gnu11;
				GCC_DYNAMIC_NO_PIC = NO;
				GCC_NO_COMMON_BLOCKS = YES;
				GCC_OPTIMIZATION_LEVEL = 0;
				GCC_PREPROCESSOR_DEFINITIONS = (
					"DEBUG=1",
					"$(inherited)",
				);
				GCC_WARN_64_TO_32_BIT_CONVERSION = YES;
				GCC_WARN_ABOUT_RETURN_TYPE = YES_ERROR;
				GCC_WARN_UNDECLARED_SELECTOR = YES;
				GCC_WARN_UNINITIALIZED_AUTOS = YES_AGGRESSIVE;
				GCC_WARN_UNUSED_FUNCTION = YES;
				GCC_WARN_UNUSED_VARIABLE = YES;
				GENERATE_INFOPLIST_FILE = YES;
				IPHONEOS_DEPLOYMENT_TARGET = 15.2;
				MARKETING_VERSION = 1.0;
				MTL_ENABLE_DEBUG_INFO = INCLUDE_SOURCE;
				MTL_FAST_MATH = YES;
				ONLY_ACTIVE_ARCH = YES;
				PRODUCT_BUNDLE_IDENTIFIER = CloudOnMobile.CloudOnMobileUITests;
				PRODUCT_NAME = "$(TARGET_NAME)";
				SDKROOT = iphoneos;
				SWIFT_ACTIVE_COMPILATION_CONDITIONS = DEBUG;
				SWIFT_EMIT_LOC_STRINGS = NO;
				SWIFT_OPTIMIZATION_LEVEL = "-Onone";
				SWIFT_VERSION = 5.0;
				TARGETED_DEVICE_FAMILY = "1,2";
				TEST_TARGET_NAME = CloudOnMobile;
			};
			name = Development;
		};
		E740A7C1277AF87500A83025 /* Staging */ = {
			isa = XCBuildConfiguration;
			buildSettings = {
				ALWAYS_SEARCH_USER_PATHS = NO;
				CLANG_ANALYZER_NONNULL = YES;
				CLANG_ANALYZER_NUMBER_OBJECT_CONVERSION = YES_AGGRESSIVE;
				CLANG_CXX_LANGUAGE_STANDARD = "gnu++17";
				CLANG_CXX_LIBRARY = "libc++";
				CLANG_ENABLE_MODULES = YES;
				CLANG_ENABLE_OBJC_ARC = YES;
				CLANG_ENABLE_OBJC_WEAK = YES;
				CLANG_WARN_BLOCK_CAPTURE_AUTORELEASING = YES;
				CLANG_WARN_BOOL_CONVERSION = YES;
				CLANG_WARN_COMMA = YES;
				CLANG_WARN_CONSTANT_CONVERSION = YES;
				CLANG_WARN_DEPRECATED_OBJC_IMPLEMENTATIONS = YES;
				CLANG_WARN_DIRECT_OBJC_ISA_USAGE = YES_ERROR;
				CLANG_WARN_DOCUMENTATION_COMMENTS = YES;
				CLANG_WARN_EMPTY_BODY = YES;
				CLANG_WARN_ENUM_CONVERSION = YES;
				CLANG_WARN_INFINITE_RECURSION = YES;
				CLANG_WARN_INT_CONVERSION = YES;
				CLANG_WARN_NON_LITERAL_NULL_CONVERSION = YES;
				CLANG_WARN_OBJC_IMPLICIT_RETAIN_SELF = YES;
				CLANG_WARN_OBJC_LITERAL_CONVERSION = YES;
				CLANG_WARN_OBJC_ROOT_CLASS = YES_ERROR;
				CLANG_WARN_QUOTED_INCLUDE_IN_FRAMEWORK_HEADER = YES;
				CLANG_WARN_RANGE_LOOP_ANALYSIS = YES;
				CLANG_WARN_STRICT_PROTOTYPES = YES;
				CLANG_WARN_SUSPICIOUS_MOVE = YES;
				CLANG_WARN_UNGUARDED_AVAILABILITY = YES_AGGRESSIVE;
				CLANG_WARN_UNREACHABLE_CODE = YES;
				CLANG_WARN__DUPLICATE_METHOD_MATCH = YES;
				CODE_SIGN_STYLE = Automatic;
				COPY_PHASE_STRIP = NO;
				CURRENT_PROJECT_VERSION = 1;
				DEBUG_INFORMATION_FORMAT = "dwarf-with-dsym";
				ENABLE_NS_ASSERTIONS = NO;
				ENABLE_STRICT_OBJC_MSGSEND = YES;
				GCC_C_LANGUAGE_STANDARD = gnu11;
				GCC_NO_COMMON_BLOCKS = YES;
				GCC_WARN_64_TO_32_BIT_CONVERSION = YES;
				GCC_WARN_ABOUT_RETURN_TYPE = YES_ERROR;
				GCC_WARN_UNDECLARED_SELECTOR = YES;
				GCC_WARN_UNINITIALIZED_AUTOS = YES_AGGRESSIVE;
				GCC_WARN_UNUSED_FUNCTION = YES;
				GCC_WARN_UNUSED_VARIABLE = YES;
				GENERATE_INFOPLIST_FILE = YES;
				IPHONEOS_DEPLOYMENT_TARGET = 15.2;
				MARKETING_VERSION = 1.0;
				MTL_ENABLE_DEBUG_INFO = NO;
				MTL_FAST_MATH = YES;
				PRODUCT_BUNDLE_IDENTIFIER = CloudOnMobile.CloudOnMobileUITests;
				PRODUCT_NAME = "$(TARGET_NAME)";
				SDKROOT = iphoneos;
				SWIFT_COMPILATION_MODE = wholemodule;
				SWIFT_EMIT_LOC_STRINGS = NO;
				SWIFT_OPTIMIZATION_LEVEL = "-O";
				SWIFT_VERSION = 5.0;
				TARGETED_DEVICE_FAMILY = "1,2";
				TEST_TARGET_NAME = CloudOnMobile;
				VALIDATE_PRODUCT = YES;
			};
			name = Staging;
		};
		E740A7C2277AF87500A83025 /* Production */ = {
			isa = XCBuildConfiguration;
			buildSettings = {
				ALWAYS_SEARCH_USER_PATHS = NO;
				CLANG_ANALYZER_NONNULL = YES;
				CLANG_ANALYZER_NUMBER_OBJECT_CONVERSION = YES_AGGRESSIVE;
				CLANG_CXX_LANGUAGE_STANDARD = "gnu++17";
				CLANG_CXX_LIBRARY = "libc++";
				CLANG_ENABLE_MODULES = YES;
				CLANG_ENABLE_OBJC_ARC = YES;
				CLANG_ENABLE_OBJC_WEAK = YES;
				CLANG_WARN_BLOCK_CAPTURE_AUTORELEASING = YES;
				CLANG_WARN_BOOL_CONVERSION = YES;
				CLANG_WARN_COMMA = YES;
				CLANG_WARN_CONSTANT_CONVERSION = YES;
				CLANG_WARN_DEPRECATED_OBJC_IMPLEMENTATIONS = YES;
				CLANG_WARN_DIRECT_OBJC_ISA_USAGE = YES_ERROR;
				CLANG_WARN_DOCUMENTATION_COMMENTS = YES;
				CLANG_WARN_EMPTY_BODY = YES;
				CLANG_WARN_ENUM_CONVERSION = YES;
				CLANG_WARN_INFINITE_RECURSION = YES;
				CLANG_WARN_INT_CONVERSION = YES;
				CLANG_WARN_NON_LITERAL_NULL_CONVERSION = YES;
				CLANG_WARN_OBJC_IMPLICIT_RETAIN_SELF = YES;
				CLANG_WARN_OBJC_LITERAL_CONVERSION = YES;
				CLANG_WARN_OBJC_ROOT_CLASS = YES_ERROR;
				CLANG_WARN_QUOTED_INCLUDE_IN_FRAMEWORK_HEADER = YES;
				CLANG_WARN_RANGE_LOOP_ANALYSIS = YES;
				CLANG_WARN_STRICT_PROTOTYPES = YES;
				CLANG_WARN_SUSPICIOUS_MOVE = YES;
				CLANG_WARN_UNGUARDED_AVAILABILITY = YES_AGGRESSIVE;
				CLANG_WARN_UNREACHABLE_CODE = YES;
				CLANG_WARN__DUPLICATE_METHOD_MATCH = YES;
				CODE_SIGN_STYLE = Automatic;
				COPY_PHASE_STRIP = NO;
				CURRENT_PROJECT_VERSION = 1;
				DEBUG_INFORMATION_FORMAT = "dwarf-with-dsym";
				ENABLE_NS_ASSERTIONS = NO;
				ENABLE_STRICT_OBJC_MSGSEND = YES;
				GCC_C_LANGUAGE_STANDARD = gnu11;
				GCC_NO_COMMON_BLOCKS = YES;
				GCC_WARN_64_TO_32_BIT_CONVERSION = YES;
				GCC_WARN_ABOUT_RETURN_TYPE = YES_ERROR;
				GCC_WARN_UNDECLARED_SELECTOR = YES;
				GCC_WARN_UNINITIALIZED_AUTOS = YES_AGGRESSIVE;
				GCC_WARN_UNUSED_FUNCTION = YES;
				GCC_WARN_UNUSED_VARIABLE = YES;
				GENERATE_INFOPLIST_FILE = YES;
				IPHONEOS_DEPLOYMENT_TARGET = 15.2;
				MARKETING_VERSION = 1.0;
				MTL_ENABLE_DEBUG_INFO = NO;
				MTL_FAST_MATH = YES;
				PRODUCT_BUNDLE_IDENTIFIER = CloudOnMobile.CloudOnMobileUITests;
				PRODUCT_NAME = "$(TARGET_NAME)";
				SDKROOT = iphoneos;
				SWIFT_COMPILATION_MODE = wholemodule;
				SWIFT_EMIT_LOC_STRINGS = NO;
				SWIFT_OPTIMIZATION_LEVEL = "-O";
				SWIFT_VERSION = 5.0;
				TARGETED_DEVICE_FAMILY = "1,2";
				TEST_TARGET_NAME = CloudOnMobile;
				VALIDATE_PRODUCT = YES;
			};
			name = Production;
		};
/* End XCBuildConfiguration section */

/* Begin XCConfigurationList section */
		3D1F102C258D4D7C007C4E38 /* Build configuration list for PBXProject "CloudOnMobile" */ = {
			isa = XCConfigurationList;
			buildConfigurations = (
				3D1F1043258D4D7D007C4E38 /* Development */,
				3D1F1044258D4D7D007C4E38 /* Staging */,
				E740A7A3277AF84800A83025 /* Production */,
			);
			defaultConfigurationIsVisible = 0;
			defaultConfigurationName = Staging;
		};
		3D1F1045258D4D7D007C4E38 /* Build configuration list for PBXNativeTarget "CloudOnMobile" */ = {
			isa = XCConfigurationList;
			buildConfigurations = (
				3D1F1046258D4D7D007C4E38 /* Development */,
				3D1F1047258D4D7D007C4E38 /* Staging */,
				E740A7A4277AF84800A83025 /* Production */,
			);
			defaultConfigurationIsVisible = 0;
			defaultConfigurationName = Staging;
		};
		E740A7AF277AF86100A83025 /* Build configuration list for PBXNativeTarget "CloudOnMobileTests" */ = {
			isa = XCConfigurationList;
			buildConfigurations = (
				E740A7B0277AF86100A83025 /* Development */,
				E740A7B1277AF86100A83025 /* Staging */,
				E740A7B2277AF86100A83025 /* Production */,
			);
			defaultConfigurationIsVisible = 0;
			defaultConfigurationName = Staging;
		};
		E740A7BF277AF87500A83025 /* Build configuration list for PBXNativeTarget "CloudOnMobileUITests" */ = {
			isa = XCConfigurationList;
			buildConfigurations = (
				E740A7C0277AF87500A83025 /* Development */,
				E740A7C1277AF87500A83025 /* Staging */,
				E740A7C2277AF87500A83025 /* Production */,
			);
			defaultConfigurationIsVisible = 0;
			defaultConfigurationName = Staging;
		};
/* End XCConfigurationList section */
	};
	rootObject = 3D1F1029258D4D7C007C4E38 /* Project object */;
}
